<?xml version="1.0" encoding="utf-8"?>
<Project ToolsVersion="4.0" xmlns="http://schemas.microsoft.com/developer/msbuild/2003">
  <ItemGroup>
    <Filter Include="Source Files">
      <UniqueIdentifier>{4FC737F1-C7A5-4376-A066-2A32D752A2FF}</UniqueIdentifier>
      <Extensions>cpp;c;cc;cxx;def;odl;idl;hpj;bat;asm;asmx</Extensions>
    </Filter>
    <Filter Include="Header Files">
      <UniqueIdentifier>{93995380-89BD-4b04-88EB-625FBE52EBFB}</UniqueIdentifier>
      <Extensions>h;hpp;hxx;hm;inl;inc;xsd</Extensions>
    </Filter>
    <Filter Include="Resource Files">
      <UniqueIdentifier>{67DA6AB6-F800-4c08-8B7A-83BB121AAD01}</UniqueIdentifier>
      <Extensions>rc;ico;cur;bmp;dlg;rc2;rct;bin;rgs;gif;jpg;jpeg;jpe;resx;tiff;tif;png;wav;mfcribbon-ms</Extensions>
    </Filter>
  </ItemGroup>
  <ItemGroup>
    <Text Include="ReadMe.txt" />
  </ItemGroup>
  <ItemGroup>
    <ClCompile Include="Hypermarket.cpp">
      <Filter>Source Files</Filter>
    </ClCompile>
    <ClCompile Include="AssemblyInfo.cpp">
      <Filter>Source Files</Filter>
    </ClCompile>
    <ClCompile Include="stdafx.cpp">
      <Filter>Source Files</Filter>
    </ClCompile>
    <ClCompile Include="ManagerUI.cpp">
      <Filter>Source Files</Filter>
    </ClCompile>
    <ClCompile Include="CashierUI.cpp">
      <Filter>Source Files</Filter>
    </ClCompile>
    <ClCompile Include="date.cpp">
      <Filter>Source Files</Filter>
    </ClCompile>
    <ClCompile Include="inventory.cpp">
      <Filter>Source Files</Filter>
    </ClCompile>
    <ClCompile Include="product.cpp">
      <Filter>Source Files</Filter>
    </ClCompile>
    <ClCompile Include="password.cpp">
      <Filter>Source Files</Filter>
    </ClCompile>
    <ClCompile Include="wrapper.cpp">
      <Filter>Source Files</Filter>
    </ClCompile>
    <ClCompile Include="batchjob.cpp">
      <Filter>Source Files</Filter>
    </ClCompile>
    <ClCompile Include="ListViewItemComparer.cpp">
      <Filter>Source Files</Filter>
    </ClCompile>
    <ClCompile Include="MainUI.cpp">
      <Filter>Source Files</Filter>
    </ClCompile>
    <ClCompile Include="ProductModUI.cpp">
      <Filter>Source Files</Filter>
    </ClCompile>
    <ClCompile Include="LoginMenu.cpp">
      <Filter>Source Files</Filter>
    </ClCompile>
    <ClCompile Include="RestockCashierDialogue.cpp">
      <Filter>Source Files</Filter>
    </ClCompile>
    <ClCompile Include="SellCashierDialogue.cpp">
      <Filter>Source Files</Filter>
    </ClCompile>
  </ItemGroup>
  <ItemGroup>
    <ClInclude Include="stdafx.h">
      <Filter>Header Files</Filter>
    </ClInclude>
    <ClInclude Include="resource.h">
      <Filter>Header Files</Filter>
    </ClInclude>
    <ClInclude Include="LoginMenu.h">
      <Filter>Header Files</Filter>
    </ClInclude>
    <ClInclude Include="ManagerUI.h">
      <Filter>Header Files</Filter>
    </ClInclude>
    <ClInclude Include="CashierUI.h">
      <Filter>Header Files</Filter>
    </ClInclude>
    <ClInclude Include="date.h">
      <Filter>Header Files</Filter>
    </ClInclude>
    <ClInclude Include="product.h">
      <Filter>Header Files</Filter>
    </ClInclude>
    <ClInclude Include="inventory.h">
      <Filter>Header Files</Filter>
    </ClInclude>
    <ClInclude Include="Hypermarket.h">
      <Filter>Header Files</Filter>
    </ClInclude>
    <ClInclude Include="password.h">
      <Filter>Header Files</Filter>
    </ClInclude>
    <ClInclude Include="wrapper.h">
      <Filter>Header Files</Filter>
    </ClInclude>
    <ClInclude Include="batchjob.h">
      <Filter>Header Files</Filter>
    </ClInclude>
    <ClInclude Include="ListViewItemComparer.h">
      <Filter>Header Files</Filter>
    </ClInclude>
    <ClInclude Include="MainUI.h">
      <Filter>Header Files</Filter>
    </ClInclude>
    <ClInclude Include="ProductModUI.h">
      <Filter>Header Files</Filter>
    </ClInclude>
    <ClInclude Include="RestockCashierDialogue.h">
      <Filter>Header Files</Filter>
    </ClInclude>
    <ClInclude Include="SellCashierDialogue.h">
      <Filter>Header Files</Filter>
    </ClInclude>
  </ItemGroup>
  <ItemGroup>
    <ResourceCompile Include="app.rc">
      <Filter>Resource Files</Filter>
    </ResourceCompile>
  </ItemGroup>
  <ItemGroup>
    <Image Include="app.ico">
      <Filter>Resource Files</Filter>
    </Image>
  </ItemGroup>
  <ItemGroup>
    <None Include="ClassDiagram.cd" />
  </ItemGroup>
  <ItemGroup>
    <EmbeddedResource Include="LoginMenu.resX">
      <Filter>Resource Files</Filter>
    </EmbeddedResource>
    <EmbeddedResource Include="CashierUI.resx">
      <Filter>Resource Files</Filter>
    </EmbeddedResource>
    <EmbeddedResource Include="ManagerUI.resx">
      <Filter>Resource Files</Filter>
    </EmbeddedResource>
    <EmbeddedResource Include="MainUI.resx">
      <Filter>Resource Files</Filter>
    </EmbeddedResource>
    <EmbeddedResource Include="ProductModUI.resx">
      <Filter>Resource Files</Filter>
    </EmbeddedResource>
  </ItemGroup>
  <ItemGroup>
    <Page Include="Themes\Generic.xaml" />
  </ItemGroup>
</Project>